
Microsoft Visual Studio Solution File, Format Version 12.00
# Visual Studio Version 17
VisualStudioVersion = 17.9.34728.123
MinimumVisualStudioVersion = 10.0.40219.1
Project("{FAE04EC0-301F-11D3-BF4B-00C04F79EFBC}") = "SuperHeroWeb", "SuperHero\SuperHeroWeb.csproj", "{25C90E38-30D8-49E8-BD42-99898133CB09}"
EndProject
Global
	GlobalSection(SolutionConfigurationPlatforms) = preSolution
		Debug|Any CPU = Debug|Any CPU
		Release|Any CPU = Release|Any CPU
	EndGlobalSection
	GlobalSection(ProjectConfigurationPlatforms) = postSolution
		{25C90E38-30D8-49E8-BD42-99898133CB09}.Debug|Any CPU.ActiveCfg = Debug|Any CPU
		{25C90E38-30D8-49E8-BD42-99898133CB09}.Debug|Any CPU.Build.0 = Debug|Any CPU
		{25C90E38-30D8-49E8-BD42-99898133CB09}.Release|Any CPU.ActiveCfg = Release|Any CPU
		{25C90E38-30D8-49E8-BD42-99898133CB09}.Release|Any CPU.Build.0 = Release|Any CPU
	EndGlobalSection
	GlobalSection(SolutionProperties) = preSolution
		HideSolutionNode = FALSE
	EndGlobalSection
	GlobalSection(ExtensibilityGlobals) = postSolution
		SolutionGuid = {D5B6820C-FC54-49F3-B4E2-E266369815EC}
	EndGlobalSection
EndGlobal
